// !$*UTF8*$!
{
	archiveVersion = 1;
	classes = {
	};
	objectVersion = 56;
	objects = {

/* Begin PBXBuildFile section */
		4EE23FD42B98E1C0000A42F4 /* WebServerApp.swift in Sources */ = {isa = PBXBuildFile; fileRef = 4EE23FD32B98E1C0000A42F4 /* WebServerApp.swift */; };
		4EE23FD62B98E1C0000A42F4 /* ContentView.swift in Sources */ = {isa = PBXBuildFile; fileRef = 4EE23FD52B98E1C0000A42F4 /* ContentView.swift */; };
		4EE23FD82B98E1C1000A42F4 /* Assets.xcassets in Resources */ = {isa = PBXBuildFile; fileRef = 4EE23FD72B98E1C1000A42F4 /* Assets.xcassets */; };
		4EE23FDB2B98E1C1000A42F4 /* Preview Assets.xcassets in Resources */ = {isa = PBXBuildFile; fileRef = 4EE23FDA2B98E1C1000A42F4 /* Preview Assets.xcassets */; };
		4EE23FE62B98E1C1000A42F4 /* WebServerTests.swift in Sources */ = {isa = PBXBuildFile; fileRef = 4EE23FE52B98E1C1000A42F4 /* WebServerTests.swift */; };
		4EE23FF02B98E1C2000A42F4 /* WebServerUITests.swift in Sources */ = {isa = PBXBuildFile; fileRef = 4EE23FEF2B98E1C2000A42F4 /* WebServerUITests.swift */; };
		4EE23FF22B98E1C2000A42F4 /* WebServerUITestsLaunchTests.swift in Sources */ = {isa = PBXBuildFile; fileRef = 4EE23FF12B98E1C2000A42F4 /* WebServerUITestsLaunchTests.swift */; };
		4EE23FFF2B98E3C3000A42F4 /* SideBarView.swift in Sources */ = {isa = PBXBuildFile; fileRef = 4EE23FFE2B98E3C3000A42F4 /* SideBarView.swift */; };
		4EE240012B990C66000A42F4 /* CreateView.swift in Sources */ = {isa = PBXBuildFile; fileRef = 4EE240002B990C66000A42F4 /* CreateView.swift */; };
/* End PBXBuildFile section */

/* Begin PBXContainerItemProxy section */
		4EE23FE22B98E1C1000A42F4 /* PBXContainerItemProxy */ = {
			isa = PBXContainerItemProxy;
			containerPortal = 4EE23FC82B98E1C0000A42F4 /* Project object */;
			proxyType = 1;
			remoteGlobalIDString = 4EE23FCF2B98E1C0000A42F4;
			remoteInfo = WebServer;
		};
		4EE23FEC2B98E1C2000A42F4 /* PBXContainerItemProxy */ = {
			isa = PBXContainerItemProxy;
			containerPortal = 4EE23FC82B98E1C0000A42F4 /* Project object */;
			proxyType = 1;
			remoteGlobalIDString = 4EE23FCF2B98E1C0000A42F4;
			remoteInfo = WebServer;
		};
/* End PBXContainerItemProxy section */

/* Begin PBXFileReference section */
		4EE23FD02B98E1C0000A42F4 /* WebServer.app */ = {isa = PBXFileReference; explicitFileType = wrapper.application; includeInIndex = 0; path = WebServer.app; sourceTree = BUILT_PRODUCTS_DIR; };
		4EE23FD32B98E1C0000A42F4 /* WebServerApp.swift */ = {isa = PBXFileReference; lastKnownFileType = sourcecode.swift; path = WebServerApp.swift; sourceTree = "<group>"; };
		4EE23FD52B98E1C0000A42F4 /* ContentView.swift */ = {isa = PBXFileReference; lastKnownFileType = sourcecode.swift; path = ContentView.swift; sourceTree = "<group>"; };
		4EE23FD72B98E1C1000A42F4 /* Assets.xcassets */ = {isa = PBXFileReference; lastKnownFileType = folder.assetcatalog; path = Assets.xcassets; sourceTree = "<group>"; };
		4EE23FDA2B98E1C1000A42F4 /* Preview Assets.xcassets */ = {isa = PBXFileReference; lastKnownFileType = folder.assetcatalog; path = "Preview Assets.xcassets"; sourceTree = "<group>"; };
		4EE23FDC2B98E1C1000A42F4 /* WebServer.entitlements */ = {isa = PBXFileReference; lastKnownFileType = text.plist.entitlements; path = WebServer.entitlements; sourceTree = "<group>"; };
		4EE23FE12B98E1C1000A42F4 /* WebServerTests.xctest */ = {isa = PBXFileReference; explicitFileType = wrapper.cfbundle; includeInIndex = 0; path = WebServerTests.xctest; sourceTree = BUILT_PRODUCTS_DIR; };
		4EE23FE52B98E1C1000A42F4 /* WebServerTests.swift */ = {isa = PBXFileReference; lastKnownFileType = sourcecode.swift; path = WebServerTests.swift; sourceTree = "<group>"; };
		4EE23FEB2B98E1C2000A42F4 /* WebServerUITests.xctest */ = {isa = PBXFileReference; explicitFileType = wrapper.cfbundle; includeInIndex = 0; path = WebServerUITests.xctest; sourceTree = BUILT_PRODUCTS_DIR; };
		4EE23FEF2B98E1C2000A42F4 /* WebServerUITests.swift */ = {isa = PBXFileReference; lastKnownFileType = sourcecode.swift; path = WebServerUITests.swift; sourceTree = "<group>"; };
		4EE23FF12B98E1C2000A42F4 /* WebServerUITestsLaunchTests.swift */ = {isa = PBXFileReference; lastKnownFileType = sourcecode.swift; path = WebServerUITestsLaunchTests.swift; sourceTree = "<group>"; };
		4EE23FFE2B98E3C3000A42F4 /* SideBarView.swift */ = {isa = PBXFileReference; lastKnownFileType = sourcecode.swift; path = SideBarView.swift; sourceTree = "<group>"; };
		4EE240002B990C66000A42F4 /* CreateView.swift */ = {isa = PBXFileReference; lastKnownFileType = sourcecode.swift; path = CreateView.swift; sourceTree = "<group>"; };
/* End PBXFileReference section */

/* Begin PBXFrameworksBuildPhase section */
		4EE23FCD2B98E1C0000A42F4 /* Frameworks */ = {
			isa = PBXFrameworksBuildPhase;
			buildActionMask = 2147483647;
			files = (
			);
			runOnlyForDeploymentPostprocessing = 0;
		};
		4EE23FDE2B98E1C1000A42F4 /* Frameworks */ = {
			isa = PBXFrameworksBuildPhase;
			buildActionMask = 2147483647;
			files = (
			);
			runOnlyForDeploymentPostprocessing = 0;
		};
		4EE23FE82B98E1C2000A42F4 /* Frameworks */ = {
			isa = PBXFrameworksBuildPhase;
			buildActionMask = 2147483647;
			files = (
			);
			runOnlyForDeploymentPostprocessing = 0;
		};
/* End PBXFrameworksBuildPhase section */

/* Begin PBXGroup section */
		4EE23FC72B98E1C0000A42F4 = {
			isa = PBXGroup;
			children = (
				4EE23FD22B98E1C0000A42F4 /* WebServer */,
				4EE23FE42B98E1C1000A42F4 /* WebServerTests */,
				4EE23FEE2B98E1C2000A42F4 /* WebServerUITests */,
				4EE23FD12B98E1C0000A42F4 /* Products */,
			);
			sourceTree = "<group>";
		};
		4EE23FD12B98E1C0000A42F4 /* Products */ = {
			isa = PBXGroup;
			children = (
				4EE23FD02B98E1C0000A42F4 /* WebServer.app */,
				4EE23FE12B98E1C1000A42F4 /* WebServerTests.xctest */,
				4EE23FEB2B98E1C2000A42F4 /* WebServerUITests.xctest */,
			);
			name = Products;
			sourceTree = "<group>";
		};
		4EE23FD22B98E1C0000A42F4 /* WebServer */ = {
			isa = PBXGroup;
			children = (
				4EE23FD32B98E1C0000A42F4 /* WebServerApp.swift */,
				4EE23FD52B98E1C0000A42F4 /* ContentView.swift */,
				4EE23FFE2B98E3C3000A42F4 /* SideBarView.swift */,
				4EE240002B990C66000A42F4 /* CreateView.swift */,
				4EE23FD72B98E1C1000A42F4 /* Assets.xcassets */,
				4EE23FDC2B98E1C1000A42F4 /* WebServer.entitlements */,
				4EE23FD92B98E1C1000A42F4 /* Preview Content */,
			);
			path = WebServer;
			sourceTree = "<group>";
		};
		4EE23FD92B98E1C1000A42F4 /* Preview Content */ = {
			isa = PBXGroup;
			children = (
				4EE23FDA2B98E1C1000A42F4 /* Preview Assets.xcassets */,
			);
			path = "Preview Content";
			sourceTree = "<group>";
		};
		4EE23FE42B98E1C1000A42F4 /* WebServerTests */ = {
			isa = PBXGroup;
			children = (
				4EE23FE52B98E1C1000A42F4 /* WebServerTests.swift */,
			);
			path = WebServerTests;
			sourceTree = "<group>";
		};
		4EE23FEE2B98E1C2000A42F4 /* WebServerUITests */ = {
			isa = PBXGroup;
			children = (
				4EE23FEF2B98E1C2000A42F4 /* WebServerUITests.swift */,
				4EE23FF12B98E1C2000A42F4 /* WebServerUITestsLaunchTests.swift */,
			);
			path = WebServerUITests;
			sourceTree = "<group>";
		};
/* End PBXGroup section */

/* Begin PBXNativeTarget section */
		4EE23FCF2B98E1C0000A42F4 /* WebServer */ = {
			isa = PBXNativeTarget;
			buildConfigurationList = 4EE23FF52B98E1C2000A42F4 /* Build configuration list for PBXNativeTarget "WebServer" */;
			buildPhases = (
				4EE23FCC2B98E1C0000A42F4 /* Sources */,
				4EE23FCD2B98E1C0000A42F4 /* Frameworks */,
				4EE23FCE2B98E1C0000A42F4 /* Resources */,
			);
			buildRules = (
			);
			dependencies = (
			);
			name = WebServer;
			productName = WebServer;
			productReference = 4EE23FD02B98E1C0000A42F4 /* WebServer.app */;
			productType = "com.apple.product-type.application";
		};
		4EE23FE02B98E1C1000A42F4 /* WebServerTests */ = {
			isa = PBXNativeTarget;
			buildConfigurationList = 4EE23FF82B98E1C2000A42F4 /* Build configuration list for PBXNativeTarget "WebServerTests" */;
			buildPhases = (
				4EE23FDD2B98E1C1000A42F4 /* Sources */,
				4EE23FDE2B98E1C1000A42F4 /* Frameworks */,
				4EE23FDF2B98E1C1000A42F4 /* Resources */,
			);
			buildRules = (
			);
			dependencies = (
				4EE23FE32B98E1C1000A42F4 /* PBXTargetDependency */,
			);
			name = WebServerTests;
			productName = WebServerTests;
			productReference = 4EE23FE12B98E1C1000A42F4 /* WebServerTests.xctest */;
			productType = "com.apple.product-type.bundle.unit-test";
		};
		4EE23FEA2B98E1C2000A42F4 /* WebServerUITests */ = {
			isa = PBXNativeTarget;
			buildConfigurationList = 4EE23FFB2B98E1C2000A42F4 /* Build configuration list for PBXNativeTarget "WebServerUITests" */;
			buildPhases = (
				4EE23FE72B98E1C2000A42F4 /* Sources */,
				4EE23FE82B98E1C2000A42F4 /* Frameworks */,
				4EE23FE92B98E1C2000A42F4 /* Resources */,
			);
			buildRules = (
			);
			dependencies = (
				4EE23FED2B98E1C2000A42F4 /* PBXTargetDependency */,
			);
			name = WebServerUITests;
			productName = WebServerUITests;
			productReference = 4EE23FEB2B98E1C2000A42F4 /* WebServerUITests.xctest */;
			productType = "com.apple.product-type.bundle.ui-testing";
		};
/* End PBXNativeTarget section */

/* Begin PBXProject section */
		4EE23FC82B98E1C0000A42F4 /* Project object */ = {
			isa = PBXProject;
			attributes = {
				BuildIndependentTargetsInParallel = 1;
				LastSwiftUpdateCheck = 1520;
				LastUpgradeCheck = 1520;
				TargetAttributes = {
					4EE23FCF2B98E1C0000A42F4 = {
						CreatedOnToolsVersion = 15.2;
					};
					4EE23FE02B98E1C1000A42F4 = {
						CreatedOnToolsVersion = 15.2;
						TestTargetID = 4EE23FCF2B98E1C0000A42F4;
					};
					4EE23FEA2B98E1C2000A42F4 = {
						CreatedOnToolsVersion = 15.2;
						TestTargetID = 4EE23FCF2B98E1C0000A42F4;
					};
				};
			};
			buildConfigurationList = 4EE23FCB2B98E1C0000A42F4 /* Build configuration list for PBXProject "WebServer" */;
			compatibilityVersion = "Xcode 14.0";
			developmentRegion = en;
			hasScannedForEncodings = 0;
			knownRegions = (
				en,
				Base,
			);
			mainGroup = 4EE23FC72B98E1C0000A42F4;
			productRefGroup = 4EE23FD12B98E1C0000A42F4 /* Products */;
			projectDirPath = "";
			projectRoot = "";
			targets = (
				4EE23FCF2B98E1C0000A42F4 /* WebServer */,
				4EE23FE02B98E1C1000A42F4 /* WebServerTests */,
				4EE23FEA2B98E1C2000A42F4 /* WebServerUITests */,
			);
		};
/* End PBXProject section */

/* Begin PBXResourcesBuildPhase section */
		4EE23FCE2B98E1C0000A42F4 /* Resources */ = {
			isa = PBXResourcesBuildPhase;
			buildActionMask = 2147483647;
			files = (
				4EE23FDB2B98E1C1000A42F4 /* Preview Assets.xcassets in Resources */,
				4EE23FD82B98E1C1000A42F4 /* Assets.xcassets in Resources */,
			);
			runOnlyForDeploymentPostprocessing = 0;
		};
		4EE23FDF2B98E1C1000A42F4 /* Resources */ = {
			isa = PBXResourcesBuildPhase;
			buildActionMask = 2147483647;
			files = (
			);
			runOnlyForDeploymentPostprocessing = 0;
		};
		4EE23FE92B98E1C2000A42F4 /* Resources */ = {
			isa = PBXResourcesBuildPhase;
			buildActionMask = 2147483647;
			files = (
			);
			runOnlyForDeploymentPostprocessing = 0;
		};
/* End PBXResourcesBuildPhase section */

/* Begin PBXSourcesBuildPhase section */
		4EE23FCC2B98E1C0000A42F4 /* Sources */ = {
			isa = PBXSourcesBuildPhase;
			buildActionMask = 2147483647;
			files = (
				4EE23FFF2B98E3C3000A42F4 /* SideBarView.swift in Sources */,
				4EE23FD62B98E1C0000A42F4 /* ContentView.swift in Sources */,
				4EE240012B990C66000A42F4 /* CreateView.swift in Sources */,
				4EE23FD42B98E1C0000A42F4 /* WebServerApp.swift in Sources */,
			);
			runOnlyForDeploymentPostprocessing = 0;
		};
		4EE23FDD2B98E1C1000A42F4 /* Sources */ = {
			isa = PBXSourcesBuildPhase;
			buildActionMask = 2147483647;
			files = (
				4EE23FE62B98E1C1000A42F4 /* WebServerTests.swift in Sources */,
			);
			runOnlyForDeploymentPostprocessing = 0;
		};
		4EE23FE72B98E1C2000A42F4 /* Sources */ = {
			isa = PBXSourcesBuildPhase;
			buildActionMask = 2147483647;
			files = (
				4EE23FF22B98E1C2000A42F4 /* WebServerUITestsLaunchTests.swift in Sources */,
				4EE23FF02B98E1C2000A42F4 /* WebServerUITests.swift in Sources */,
			);
			runOnlyForDeploymentPostprocessing = 0;
		};
/* End PBXSourcesBuildPhase section */

/* Begin PBXTargetDependency section */
		4EE23FE32B98E1C1000A42F4 /* PBXTargetDependency */ = {
			isa = PBXTargetDependency;
			target = 4EE23FCF2B98E1C0000A42F4 /* WebServer */;
			targetProxy = 4EE23FE22B98E1C1000A42F4 /* PBXContainerItemProxy */;
		};
		4EE23FED2B98E1C2000A42F4 /* PBXTargetDependency */ = {
			isa = PBXTargetDependency;
			target = 4EE23FCF2B98E1C0000A42F4 /* WebServer */;
			targetProxy = 4EE23FEC2B98E1C2000A42F4 /* PBXContainerItemProxy */;
		};
/* End PBXTargetDependency section */

/* Begin XCBuildConfiguration section */
		4EE23FF32B98E1C2000A42F4 /* Debug */ = {
			isa = XCBuildConfiguration;
			buildSettings = {
				ALWAYS_SEARCH_USER_PATHS = NO;
				ASSETCATALOG_COMPILER_GENERATE_SWIFT_ASSET_SYMBOL_EXTENSIONS = YES;
				CLANG_ANALYZER_NONNULL = YES;
				CLANG_ANALYZER_NUMBER_OBJECT_CONVERSION = YES_AGGRESSIVE;
				CLANG_CXX_LANGUAGE_STANDARD = "gnu++20";
				CLANG_ENABLE_MODULES = YES;
				CLANG_ENABLE_OBJC_ARC = YES;
				CLANG_ENABLE_OBJC_WEAK = YES;
				CLANG_WARN_BLOCK_CAPTURE_AUTORELEASING = YES;
				CLANG_WARN_BOOL_CONVERSION = YES;
				CLANG_WARN_COMMA = YES;
				CLANG_WARN_CONSTANT_CONVERSION = YES;
				CLANG_WARN_DEPRECATED_OBJC_IMPLEMENTATIONS = YES;
				CLANG_WARN_DIRECT_OBJC_ISA_USAGE = YES_ERROR;
				CLANG_WARN_DOCUMENTATION_COMMENTS = YES;
				CLANG_WARN_EMPTY_BODY = YES;
				CLANG_WARN_ENUM_CONVERSION = YES;
				CLANG_WARN_INFINITE_RECURSION = YES;
				CLANG_WARN_INT_CONVERSION = YES;
				CLANG_WARN_NON_LITERAL_NULL_CONVERSION = YES;
				CLANG_WARN_OBJC_IMPLICIT_RETAIN_SELF = YES;
				CLANG_WARN_OBJC_LITERAL_CONVERSION = YES;
				CLANG_WARN_OBJC_ROOT_CLASS = YES_ERROR;
				CLANG_WARN_QUOTED_INCLUDE_IN_FRAMEWORK_HEADER = YES;
				CLANG_WARN_RANGE_LOOP_ANALYSIS = YES;
				CLANG_WARN_STRICT_PROTOTYPES = YES;
				CLANG_WARN_SUSPICIOUS_MOVE = YES;
				CLANG_WARN_UNGUARDED_AVAILABILITY = YES_AGGRESSIVE;
				CLANG_WARN_UNREACHABLE_CODE = YES;
				CLANG_WARN__DUPLICATE_METHOD_MATCH = YES;
				COPY_PHASE_STRIP = NO;
				DEBUG_INFORMATION_FORMAT = dwarf;
				ENABLE_STRICT_OBJC_MSGSEND = YES;
				ENABLE_TESTABILITY = YES;
				ENABLE_USER_SCRIPT_SANDBOXING = YES;
				GCC_C_LANGUAGE_STANDARD = gnu17;
				GCC_DYNAMIC_NO_PIC = NO;
				GCC_NO_COMMON_BLOCKS = YES;
				GCC_OPTIMIZATION_LEVEL = 0;
				GCC_PREPROCESSOR_DEFINITIONS = (
					"DEBUG=1",
					"$(inherited)",
				);
				GCC_WARN_64_TO_32_BIT_CONVERSION = YES;
				GCC_WARN_ABOUT_RETURN_TYPE = YES_ERROR;
				GCC_WARN_UNDECLARED_SELECTOR = YES;
				GCC_WARN_UNINITIALIZED_AUTOS = YES_AGGRESSIVE;
				GCC_WARN_UNUSED_FUNCTION = YES;
				GCC_WARN_UNUSED_VARIABLE = YES;
				LOCALIZATION_PREFERS_STRING_CATALOGS = YES;
				MACOSX_DEPLOYMENT_TARGET = 14.2;
				MTL_ENABLE_DEBUG_INFO = INCLUDE_SOURCE;
				MTL_FAST_MATH = YES;
				ONLY_ACTIVE_ARCH = YES;
				SDKROOT = macosx;
				SWIFT_ACTIVE_COMPILATION_CONDITIONS = "DEBUG $(inherited)";
				SWIFT_OPTIMIZATION_LEVEL = "-Onone";
			};
			name = Debug;
		};
		4EE23FF42B98E1C2000A42F4 /* Release */ = {
			isa = XCBuildConfiguration;
			buildSettings = {
				ALWAYS_SEARCH_USER_PATHS = NO;
				ASSETCATALOG_COMPILER_GENERATE_SWIFT_ASSET_SYMBOL_EXTENSIONS = YES;
				CLANG_ANALYZER_NONNULL = YES;
				CLANG_ANALYZER_NUMBER_OBJECT_CONVERSION = YES_AGGRESSIVE;
				CLANG_CXX_LANGUAGE_STANDARD = "gnu++20";
				CLANG_ENABLE_MODULES = YES;
				CLANG_ENABLE_OBJC_ARC = YES;
				CLANG_ENABLE_OBJC_WEAK = YES;
				CLANG_WARN_BLOCK_CAPTURE_AUTORELEASING = YES;
				CLANG_WARN_BOOL_CONVERSION = YES;
				CLANG_WARN_COMMA = YES;
				CLANG_WARN_CONSTANT_CONVERSION = YES;
				CLANG_WARN_DEPRECATED_OBJC_IMPLEMENTATIONS = YES;
				CLANG_WARN_DIRECT_OBJC_ISA_USAGE = YES_ERROR;
				CLANG_WARN_DOCUMENTATION_COMMENTS = YES;
				CLANG_WARN_EMPTY_BODY = YES;
				CLANG_WARN_ENUM_CONVERSION = YES;
				CLANG_WARN_INFINITE_RECURSION = YES;
				CLANG_WARN_INT_CONVERSION = YES;
				CLANG_WARN_NON_LITERAL_NULL_CONVERSION = YES;
				CLANG_WARN_OBJC_IMPLICIT_RETAIN_SELF = YES;
				CLANG_WARN_OBJC_LITERAL_CONVERSION = YES;
				CLANG_WARN_OBJC_ROOT_CLASS = YES_ERROR;
				CLANG_WARN_QUOTED_INCLUDE_IN_FRAMEWORK_HEADER = YES;
				CLANG_WARN_RANGE_LOOP_ANALYSIS = YES;
				CLANG_WARN_STRICT_PROTOTYPES = YES;
				CLANG_WARN_SUSPICIOUS_MOVE = YES;
				CLANG_WARN_UNGUARDED_AVAILABILITY = YES_AGGRESSIVE;
				CLANG_WARN_UNREACHABLE_CODE = YES;
				CLANG_WARN__DUPLICATE_METHOD_MATCH = YES;
				COPY_PHASE_STRIP = NO;
				DEBUG_INFORMATION_FORMAT = "dwarf-with-dsym";
				ENABLE_NS_ASSERTIONS = NO;
				ENABLE_STRICT_OBJC_MSGSEND = YES;
				ENABLE_USER_SCRIPT_SANDBOXING = YES;
				GCC_C_LANGUAGE_STANDARD = gnu17;
				GCC_NO_COMMON_BLOCKS = YES;
				GCC_WARN_64_TO_32_BIT_CONVERSION = YES;
				GCC_WARN_ABOUT_RETURN_TYPE = YES_ERROR;
				GCC_WARN_UNDECLARED_SELECTOR = YES;
				GCC_WARN_UNINITIALIZED_AUTOS = YES_AGGRESSIVE;
				GCC_WARN_UNUSED_FUNCTION = YES;
				GCC_WARN_UNUSED_VARIABLE = YES;
				LOCALIZATION_PREFERS_STRING_CATALOGS = YES;
				MACOSX_DEPLOYMENT_TARGET = 14.2;
				MTL_ENABLE_DEBUG_INFO = NO;
				MTL_FAST_MATH = YES;
				SDKROOT = macosx;
				SWIFT_COMPILATION_MODE = wholemodule;
			};
			name = Release;
		};
		4EE23FF62B98E1C2000A42F4 /* Debug */ = {
			isa = XCBuildConfiguration;
			buildSettings = {
				ASSETCATALOG_COMPILER_APPICON_NAME = AppIcon;
				ASSETCATALOG_COMPILER_GLOBAL_ACCENT_COLOR_NAME = AccentColor;
				ASSETCATALOG_COMPILER_INCLUDE_ALL_APPICON_ASSETS = YES;
				CODE_SIGN_ENTITLEMENTS = WebServer/WebServer.entitlements;
				CODE_SIGN_STYLE = Automatic;
				COMBINE_HIDPI_IMAGES = YES;
				CURRENT_PROJECT_VERSION = 1;
				DEVELOPMENT_ASSET_PATHS = "\"WebServer/Preview Content\"";
				DEVELOPMENT_TEAM = G6GNSAW8WJ;
				ENABLE_HARDENED_RUNTIME = YES;
				ENABLE_PREVIEWS = YES;
				GENERATE_INFOPLIST_FILE = YES;
				INFOPLIST_KEY_LSApplicationCategoryType = "public.app-category.developer-tools";
				INFOPLIST_KEY_NSHumanReadableCopyright = "";
				LD_RUNPATH_SEARCH_PATHS = (
					"$(inherited)",
					"@executable_path/../Frameworks",
				);
				MACOSX_DEPLOYMENT_TARGET = 13.0;
				MARKETING_VERSION = 1.0;
				PRODUCT_BUNDLE_IDENTIFIER = leolesimple.WebServer;
				PRODUCT_NAME = "$(TARGET_NAME)";
				SWIFT_EMIT_LOC_STRINGS = YES;
				SWIFT_VERSION = 5.0;
			};
			name = Debug;
		};
		4EE23FF72B98E1C2000A42F4 /* Release */ = {
			isa = XCBuildConfiguration;
			buildSettings = {
				ASSETCATALOG_COMPILER_APPICON_NAME = AppIcon;
				ASSETCATALOG_COMPILER_GLOBAL_ACCENT_COLOR_NAME = AccentColor;
				ASSETCATALOG_COMPILER_INCLUDE_ALL_APPICON_ASSETS = YES;
				CODE_SIGN_ENTITLEMENTS = WebServer/WebServer.entitlements;
				CODE_SIGN_STYLE = Automatic;
				COMBINE_HIDPI_IMAGES = YES;
				CURRENT_PROJECT_VERSION = 1;
				DEVELOPMENT_ASSET_PATHS = "\"WebServer/Preview Content\"";
				DEVELOPMENT_TEAM = G6GNSAW8WJ;
				ENABLE_HARDENED_RUNTIME = YES;
				ENABLE_PREVIEWS = YES;
				GENERATE_INFOPLIST_FILE = YES;
				INFOPLIST_KEY_LSApplicationCategoryType = "public.app-category.developer-tools";
				INFOPLIST_KEY_NSHumanReadableCopyright = "";
				LD_RUNPATH_SEARCH_PATHS = (
					"$(inherited)",
					"@executable_path/../Frameworks",
				);
				MACOSX_DEPLOYMENT_TARGET = 13.0;
				MARKETING_VERSION = 1.0;
				PRODUCT_BUNDLE_IDENTIFIER = leolesimple.WebServer;
				PRODUCT_NAME = "$(TARGET_NAME)";
				SWIFT_EMIT_LOC_STRINGS = YES;
				SWIFT_VERSION = 5.0;
			};
			name = Release;
		};
		4EE23FF92B98E1C2000A42F4 /* Debug */ = {
			isa = XCBuildConfiguration;
			buildSettings = {
				ALWAYS_EMBED_SWIFT_STANDARD_LIBRARIES = YES;
				BUNDLE_LOADER = "$(TEST_HOST)";
				CODE_SIGN_STYLE = Automatic;
				CURRENT_PROJECT_VERSION = 1;
				DEVELOPMENT_TEAM = G6GNSAW8WJ;
				GENERATE_INFOPLIST_FILE = YES;
				MACOSX_DEPLOYMENT_TARGET = 14.2;
				MARKETING_VERSION = 1.0;
				PRODUCT_BUNDLE_IDENTIFIER = leolesimple.WebServerTests;
				PRODUCT_NAME = "$(TARGET_NAME)";
				SWIFT_EMIT_LOC_STRINGS = NO;
				SWIFT_VERSION = 5.0;
				TEST_HOST = "$(BUILT_PRODUCTS_DIR)/WebServer.app/$(BUNDLE_EXECUTABLE_FOLDER_PATH)/WebServer";
			};
			name = Debug;
		};
		4EE23FFA2B98E1C2000A42F4 /* Release */ = {
			isa = XCBuildConfiguration;
			buildSettings = {
				ALWAYS_EMBED_SWIFT_STANDARD_LIBRARIES = YES;
				BUNDLE_LOADER = "$(TEST_HOST)";
				CODE_SIGN_STYLE = Automatic;
				CURRENT_PROJECT_VERSION = 1;
				DEVELOPMENT_TEAM = G6GNSAW8WJ;
				GENERATE_INFOPLIST_FILE = YES;
				MACOSX_DEPLOYMENT_TARGET = 14.2;
				MARKETING_VERSION = 1.0;
				PRODUCT_BUNDLE_IDENTIFIER = leolesimple.WebServerTests;
				PRODUCT_NAME = "$(TARGET_NAME)";
				SWIFT_EMIT_LOC_STRINGS = NO;
				SWIFT_VERSION = 5.0;
				TEST_HOST = "$(BUILT_PRODUCTS_DIR)/WebServer.app/$(BUNDLE_EXECUTABLE_FOLDER_PATH)/WebServer";
			};
			name = Release;
		};
		4EE23FFC2B98E1C2000A42F4 /* Debug */ = {
			isa = XCBuildConfiguration;
			buildSettings = {
				ALWAYS_EMBED_SWIFT_STANDARD_LIBRARIES = YES;
				CODE_SIGN_STYLE = Automatic;
				CURRENT_PROJECT_VERSION = 1;
				DEVELOPMENT_TEAM = G6GNSAW8WJ;
				GENERATE_INFOPLIST_FILE = YES;
				MARKETING_VERSION = 1.0;
				PRODUCT_BUNDLE_IDENTIFIER = leolesimple.WebServerUITests;
				PRODUCT_NAME = "$(TARGET_NAME)";
				SWIFT_EMIT_LOC_STRINGS = NO;
				SWIFT_VERSION = 5.0;
				TEST_TARGET_NAME = WebServer;
			};
			name = Debug;
		};
		4EE23FFD2B98E1C2000A42F4 /* Release */ = {
			isa = XCBuildConfiguration;
			buildSettings = {
				ALWAYS_EMBED_SWIFT_STANDARD_LIBRARIES = YES;
				CODE_SIGN_STYLE = Automatic;
				CURRENT_PROJECT_VERSION = 1;
				DEVELOPMENT_TEAM = G6GNSAW8WJ;
				GENERATE_INFOPLIST_FILE = YES;
				MARKETING_VERSION = 1.0;
				PRODUCT_BUNDLE_IDENTIFIER = leolesimple.WebServerUITests;
				PRODUCT_NAME = "$(TARGET_NAME)";
				SWIFT_EMIT_LOC_STRINGS = NO;
				SWIFT_VERSION = 5.0;
				TEST_TARGET_NAME = WebServer;
			};
			name = Release;
		};
/* End XCBuildConfiguration section */

/* Begin XCConfigurationList section */
		4EE23FCB2B98E1C0000A42F4 /* Build configuration list for PBXProject "WebServer" */ = {
			isa = XCConfigurationList;
			buildConfigurations = (
				4EE23FF32B98E1C2000A42F4 /* Debug */,
				4EE23FF42B98E1C2000A42F4 /* Release */,
			);
			defaultConfigurationIsVisible = 0;
			defaultConfigurationName = Release;
		};
		4EE23FF52B98E1C2000A42F4 /* Build configuration list for PBXNativeTarget "WebServer" */ = {
			isa = XCConfigurationList;
			buildConfigurations = (
				4EE23FF62B98E1C2000A42F4 /* Debug */,
				4EE23FF72B98E1C2000A42F4 /* Release */,
			);
			defaultConfigurationIsVisible = 0;
			defaultConfigurationName = Release;
		};
		4EE23FF82B98E1C2000A42F4 /* Build configuration list for PBXNativeTarget "WebServerTests" */ = {
			isa = XCConfigurationList;
			buildConfigurations = (
				4EE23FF92B98E1C2000A42F4 /* Debug */,
				4EE23FFA2B98E1C2000A42F4 /* Release */,
			);
			defaultConfigurationIsVisible = 0;
			defaultConfigurationName = Release;
		};
		4EE23FFB2B98E1C2000A42F4 /* Build configuration list for PBXNativeTarget "WebServerUITests" */ = {
			isa = XCConfigurationList;
			buildConfigurations = (
				4EE23FFC2B98E1C2000A42F4 /* Debug */,
				4EE23FFD2B98E1C2000A42F4 /* Release */,
			);
			defaultConfigurationIsVisible = 0;
			defaultConfigurationName = Release;
		};
/* End XCConfigurationList section */
	};
	rootObject = 4EE23FC82B98E1C0000A42F4 /* Project object */;
}
